
Microsoft Visual Studio Solution File, Format Version 11.00
# Visual Studio 2010
Project("{FAE04EC0-301F-11D3-BF4B-00C04F79EFBC}") = "Assembly-CSharp-firstpass", "Assembly-CSharp-firstpass.csproj", "{E89DC343-C64B-0A05-D883-401A795EE5E1}"
EndProject
Project("{FAE04EC0-301F-11D3-BF4B-00C04F79EFBC}") = "Assembly-CSharp", "Assembly-CSharp.csproj", "{A3D91975-A0D8-173C-89B1-36BA015C4B9B}"
EndProject
Project("{FAE04EC0-301F-11D3-BF4B-00C04F79EFBC}") = "NavMeshComponentsExamples", "NavMeshComponentsExamples.csproj", "{29637F13-919B-8033-A3B1-12FB9B52EB4D}"
EndProject
Project("{FAE04EC0-301F-11D3-BF4B-00C04F79EFBC}") = "NavMeshComponentsTestsPlaymode", "NavMeshComponentsTestsPlaymode.csproj", "{D7DD6C18-42BA-22DD-365B-9F3B90E0808F}"
EndProject
Project("{FAE04EC0-301F-11D3-BF4B-00C04F79EFBC}") = "NavMeshComponents", "NavMeshComponents.csproj", "{5D460EA2-5012-3DBB-D52F-73C1265213F7}"
EndProject
Project("{FAE04EC0-301F-11D3-BF4B-00C04F79EFBC}") = "NavMeshComponentsEditor", "NavMeshComponentsEditor.csproj", "{86687849-A1D9-7DB4-4835-90EC39674622}"
EndProject
Project("{FAE04EC0-301F-11D3-BF4B-00C04F79EFBC}") = "Assembly-CSharp-Editor-firstpass", "Assembly-CSharp-Editor-firstpass.csproj", "{4055D228-69C9-0697-C02D-6081D19F843D}"
EndProject
Project("{FAE04EC0-301F-11D3-BF4B-00C04F79EFBC}") = "NavMeshComponentsTestsEditmode", "NavMeshComponentsTestsEditmode.csproj", "{95B89223-AF49-8005-965B-9CDD25D7CC40}"
EndProject
Project("{FAE04EC0-301F-11D3-BF4B-00C04F79EFBC}") = "Assembly-CSharp-Editor", "Assembly-CSharp-Editor.csproj", "{C66846DC-C1F1-7D1A-A923-D8124849BDB1}"
EndProject
Project("{FAE04EC0-301F-11D3-BF4B-00C04F79EFBC}") = "NavMeshComponentsExamplesEditor", "NavMeshComponentsExamplesEditor.csproj", "{5F1CD16E-43D1-326C-07B2-A6567DFFACF2}"
EndProject
Global
	GlobalSection(SolutionConfigurationPlatforms) = preSolution
		Debug|Any CPU = Debug|Any CPU
		Release|Any CPU = Release|Any CPU
	EndGlobalSection
	GlobalSection(ProjectConfigurationPlatforms) = postSolution
		{E89DC343-C64B-0A05-D883-401A795EE5E1}.Debug|Any CPU.ActiveCfg = Debug|Any CPU
		{E89DC343-C64B-0A05-D883-401A795EE5E1}.Debug|Any CPU.Build.0 = Debug|Any CPU
		{E89DC343-C64B-0A05-D883-401A795EE5E1}.Release|Any CPU.ActiveCfg = Release|Any CPU
		{E89DC343-C64B-0A05-D883-401A795EE5E1}.Release|Any CPU.Build.0 = Release|Any CPU
		{A3D91975-A0D8-173C-89B1-36BA015C4B9B}.Debug|Any CPU.ActiveCfg = Debug|Any CPU
		{A3D91975-A0D8-173C-89B1-36BA015C4B9B}.Debug|Any CPU.Build.0 = Debug|Any CPU
		{A3D91975-A0D8-173C-89B1-36BA015C4B9B}.Release|Any CPU.ActiveCfg = Release|Any CPU
		{A3D91975-A0D8-173C-89B1-36BA015C4B9B}.Release|Any CPU.Build.0 = Release|Any CPU
		{29637F13-919B-8033-A3B1-12FB9B52EB4D}.Debug|Any CPU.ActiveCfg = Debug|Any CPU
		{29637F13-919B-8033-A3B1-12FB9B52EB4D}.Debug|Any CPU.Build.0 = Debug|Any CPU
		{29637F13-919B-8033-A3B1-12FB9B52EB4D}.Release|Any CPU.ActiveCfg = Release|Any CPU
		{29637F13-919B-8033-A3B1-12FB9B52EB4D}.Release|Any CPU.Build.0 = Release|Any CPU
		{D7DD6C18-42BA-22DD-365B-9F3B90E0808F}.Debug|Any CPU.ActiveCfg = Debug|Any CPU
		{D7DD6C18-42BA-22DD-365B-9F3B90E0808F}.Debug|Any CPU.Build.0 = Debug|Any CPU
		{D7DD6C18-42BA-22DD-365B-9F3B90E0808F}.Release|Any CPU.ActiveCfg = Release|Any CPU
		{D7DD6C18-42BA-22DD-365B-9F3B90E0808F}.Release|Any CPU.Build.0 = Release|Any CPU
		{5D460EA2-5012-3DBB-D52F-73C1265213F7}.Debug|Any CPU.ActiveCfg = Debug|Any CPU
		{5D460EA2-5012-3DBB-D52F-73C1265213F7}.Debug|Any CPU.Build.0 = Debug|Any CPU
		{5D460EA2-5012-3DBB-D52F-73C1265213F7}.Release|Any CPU.ActiveCfg = Release|Any CPU
		{5D460EA2-5012-3DBB-D52F-73C1265213F7}.Release|Any CPU.Build.0 = Release|Any CPU
		{86687849-A1D9-7DB4-4835-90EC39674622}.Debug|Any CPU.ActiveCfg = Debug|Any CPU
		{86687849-A1D9-7DB4-4835-90EC39674622}.Debug|Any CPU.Build.0 = Debug|Any CPU
		{86687849-A1D9-7DB4-4835-90EC39674622}.Release|Any CPU.ActiveCfg = Release|Any CPU
		{86687849-A1D9-7DB4-4835-90EC39674622}.Release|Any CPU.Build.0 = Release|Any CPU
		{4055D228-69C9-0697-C02D-6081D19F843D}.Debug|Any CPU.ActiveCfg = Debug|Any CPU
		{4055D228-69C9-0697-C02D-6081D19F843D}.Debug|Any CPU.Build.0 = Debug|Any CPU
		{4055D228-69C9-0697-C02D-6081D19F843D}.Release|Any CPU.ActiveCfg = Release|Any CPU
		{4055D228-69C9-0697-C02D-6081D19F843D}.Release|Any CPU.Build.0 = Release|Any CPU
		{95B89223-AF49-8005-965B-9CDD25D7CC40}.Debug|Any CPU.ActiveCfg = Debug|Any CPU
		{95B89223-AF49-8005-965B-9CDD25D7CC40}.Debug|Any CPU.Build.0 = Debug|Any CPU
		{95B89223-AF49-8005-965B-9CDD25D7CC40}.Release|Any CPU.ActiveCfg = Release|Any CPU
		{95B89223-AF49-8005-965B-9CDD25D7CC40}.Release|Any CPU.Build.0 = Release|Any CPU
		{C66846DC-C1F1-7D1A-A923-D8124849BDB1}.Debug|Any CPU.ActiveCfg = Debug|Any CPU
		{C66846DC-C1F1-7D1A-A923-D8124849BDB1}.Debug|Any CPU.Build.0 = Debug|Any CPU
		{C66846DC-C1F1-7D1A-A923-D8124849BDB1}.Release|Any CPU.ActiveCfg = Release|Any CPU
		{C66846DC-C1F1-7D1A-A923-D8124849BDB1}.Release|Any CPU.Build.0 = Release|Any CPU
		{5F1CD16E-43D1-326C-07B2-A6567DFFACF2}.Debug|Any CPU.ActiveCfg = Debug|Any CPU
		{5F1CD16E-43D1-326C-07B2-A6567DFFACF2}.Debug|Any CPU.Build.0 = Debug|Any CPU
		{5F1CD16E-43D1-326C-07B2-A6567DFFACF2}.Release|Any CPU.ActiveCfg = Release|Any CPU
		{5F1CD16E-43D1-326C-07B2-A6567DFFACF2}.Release|Any CPU.Build.0 = Release|Any CPU
	EndGlobalSection
	GlobalSection(SolutionProperties) = preSolution
		HideSolutionNode = FALSE
	EndGlobalSection
EndGlobal
